apiVersion: vendir.k14s.io/v1alpha1
directories:
- contents:
  - git:
      commitTitle: 'chore: more visibility (#15)'
      sha: 610c287d6f7fab51b4b8e778d88ccd5ea8c73e8f
    path: .
  path: ../.github/workflows/vendor
- contents:
  - git:
      commitTitle: 'chore: more visibility (#15)'
      sha: 610c287d6f7fab51b4b8e778d88ccd5ea8c73e8f
    path: .
  path: vendor
kind: LockConfig
