apiVersion: vendir.k14s.io/v1alpha1
directories:
- contents:
  - git:
      commitTitle: 'fix: bumping for forked repos'
      sha: ad3cbefbb52f34f7ebc322bfe50a998087b6e373
    path: .
  path: ../.github/workflows/vendor
- contents:
  - git:
      commitTitle: 'fix: bumping for forked repos'
      sha: ad3cbefbb52f34f7ebc322bfe50a998087b6e373
    path: .
  path: vendor
kind: LockConfig
